
Microsoft Visual Studio Solution File, Format Version 12.00
# Visual Studio Version 16
VisualStudioVersion = 16.0.29123.89
MinimumVisualStudioVersion = 10.0.40219.1
Project("{9A19103F-16F7-4668-BE54-9A1E7A4F7556}") = "HornsHoofs.ReverseService.Tests", "HornsHoofs.ReverseService.Tests.csproj", "{FCD911D8-7499-498C-B085-CD1DB22E218C}"
EndProject
Global
	GlobalSection(SolutionConfigurationPlatforms) = preSolution
		Debug|x64 = Debug|x64
		Release|x64 = Release|x64
	EndGlobalSection
	GlobalSection(ProjectConfigurationPlatforms) = postSolution
		{FCD911D8-7499-498C-B085-CD1DB22E218C}.Debug|x64.ActiveCfg = Debug|x64
		{FCD911D8-7499-498C-B085-CD1DB22E218C}.Debug|x64.Build.0 = Debug|x64
		{FCD911D8-7499-498C-B085-CD1DB22E218C}.Release|x64.ActiveCfg = Release|x64
		{FCD911D8-7499-498C-B085-CD1DB22E218C}.Release|x64.Build.0 = Release|x64
	EndGlobalSection
	GlobalSection(SolutionProperties) = preSolution
		HideSolutionNode = FALSE
	EndGlobalSection
	GlobalSection(ExtensibilityGlobals) = postSolution
		SolutionGuid = {CBAD68D6-8681-43E2-A8EC-6D8348C6DEFE}
	EndGlobalSection
EndGlobal
